# THIS IS AN AUTOGENERATED FILE. DO NOT EDIT THIS FILE DIRECTLY.
# yarn lockfile v1


"@autexis/balluff-007-protocol@git+https://github.com/skadisch/balluff-007-protocol.git#0cf7e32dbc0f512d2646809291c8486444a1477d":
  version "0.0.1"
  resolved "git+https://github.com/skadisch/balluff-007-protocol.git#0cf7e32dbc0f512d2646809291c8486444a1477d"

"@autexis/balluff-rfid@git+https://github.com/skadisch/balluff-rfid.git#c4401a4b27e42c6c23f63e497fd55166bb54793b":
  version "0.0.2"
  resolved "git+https://github.com/skadisch/balluff-rfid.git#c4401a4b27e42c6c23f63e497fd55166bb54793b"
  dependencies:
    "@autexis/balluff-007-protocol" "git+https://github.com/skadisch/balluff-007-protocol.git#0cf7e32dbc0f512d2646809291c8486444a1477d"
