# THIS IS AN AUTOGENERATED FILE. DO NOT EDIT THIS FILE DIRECTLY.
# yarn lockfile v1


"@autexis/balluff-007-protocol@0.0.2":
  version "0.0.2"
  resolved "https://gitlab.com/api/v4/projects/60623048/packages/npm/@autexis/balluff-007-protocol/-/@autexis/balluff-007-protocol-0.0.2.tgz#92af24c7bc38af0ea8777a8856f015794e1e2784"
  integrity sha1-kq8kx7w4rw6od3qIVvAVeU4eJ4Q=

"@autexis/balluff-rfid@0.0.3":
  version "0.0.3"
  resolved "https://gitlab.com/api/v4/projects/60622982/packages/npm/@autexis/balluff-rfid/-/@autexis/balluff-rfid-0.0.3.tgz#bc2d18e87c239951470672c3354681c480dd2f9b"
  integrity sha1-vC0Y6HwjmVFHBnLDNUaBxIDdL5s=
  dependencies:
    "@autexis/balluff-007-protocol" "0.0.2"
