# THIS IS AN AUTOGENERATED FILE. DO NOT EDIT THIS FILE DIRECTLY.
# yarn lockfile v1


"@autexis/balluff-007-protocol@0.0.3":
  version "0.0.3"
  resolved "https://registry.yarnpkg.com/@autexis/balluff-007-protocol/-/balluff-007-protocol-0.0.3.tgz#16a0e3189b2d51aec962d638e30a26a90036f0fb"
  integrity sha512-vtSlpoWRlovtVk44rkYxtRU64XeQriMK/9OthlA4OSLxCUDPFlRMXkUNoXsmNY172MaSqyGhfscuAwe8t7CLmA==

"@autexis/balluff-rfid@0.0.4":
  version "0.0.4"
  resolved "https://registry.yarnpkg.com/@autexis/balluff-rfid/-/balluff-rfid-0.0.4.tgz#9e428a6f897bddb75c3273004c78e3169ceae92b"
  integrity sha512-PMd01bSADaXAlH++bQZVMiDvDlxDPrp1uCggdQ8QNBQhVtBfWwZz/WbJp48x36aacekIJO57nRir9HhU81dCZQ==
  dependencies:
    "@autexis/balluff-007-protocol" "0.0.3"
